
Microsoft Visual Studio Solution File, Format Version 12.00
# Visual Studio Version 17
VisualStudioVersion = 17.14.37301.10 d17.14
MinimumVisualStudioVersion = 10.0.40219.1
Project("{FAE04EC0-301F-11D3-BF4B-00C04F79EFBC}") = "APitGeoMod", "APitGeoMod\APitGeoMod.csproj", "{693721F9-72C4-C955-0A39-3B205A4569E5}"
EndProject
Global
	GlobalSection(SolutionConfigurationPlatforms) = preSolution
		Debug|Any CPU = Debug|Any CPU
		Release|Any CPU = Release|Any CPU
	EndGlobalSection
	GlobalSection(ProjectConfigurationPlatforms) = postSolution
		{693721F9-72C4-C955-0A39-3B205A4569E5}.Debug|Any CPU.ActiveCfg = Debug|Any CPU
		{693721F9-72C4-C955-0A39-3B205A4569E5}.Debug|Any CPU.Build.0 = Debug|Any CPU
		{693721F9-72C4-C955-0A39-3B205A4569E5}.Release|Any CPU.ActiveCfg = Release|Any CPU
		{693721F9-72C4-C955-0A39-3B205A4569E5}.Release|Any CPU.Build.0 = Release|Any CPU
	EndGlobalSection
	GlobalSection(SolutionProperties) = preSolution
		HideSolutionNode = FALSE
	EndGlobalSection
	GlobalSection(ExtensibilityGlobals) = postSolution
		SolutionGuid = {D88B1822-C7C6-48AD-96FC-6B9009546F6D}
	EndGlobalSection
EndGlobal
